
Microsoft Visual Studio Solution File, Format Version 12.00
# Visual Studio Version 16
VisualStudioVersion = 16.0.32602.291
MinimumVisualStudioVersion = 10.0.40219.1
Project("{FAE04EC0-301F-11D3-BF4B-00C04F79EFBC}") = "20220707_Parquadero", "20220707_Parquadero.csproj", "{D7EF9083-F401-44A9-A6B7-80A24A0C60BA}"
EndProject
Global
	GlobalSection(SolutionConfigurationPlatforms) = preSolution
		Debug|Any CPU = Debug|Any CPU
		Release|Any CPU = Release|Any CPU
	EndGlobalSection
	GlobalSection(ProjectConfigurationPlatforms) = postSolution
		{D7EF9083-F401-44A9-A6B7-80A24A0C60BA}.Debug|Any CPU.ActiveCfg = Debug|Any CPU
		{D7EF9083-F401-44A9-A6B7-80A24A0C60BA}.Debug|Any CPU.Build.0 = Debug|Any CPU
		{D7EF9083-F401-44A9-A6B7-80A24A0C60BA}.Release|Any CPU.ActiveCfg = Release|Any CPU
		{D7EF9083-F401-44A9-A6B7-80A24A0C60BA}.Release|Any CPU.Build.0 = Release|Any CPU
	EndGlobalSection
	GlobalSection(SolutionProperties) = preSolution
		HideSolutionNode = FALSE
	EndGlobalSection
	GlobalSection(ExtensibilityGlobals) = postSolution
		SolutionGuid = {6848BAC3-5EF3-4D29-A6D7-FC2B80F7431C}
	EndGlobalSection
EndGlobal
